
Microsoft Visual Studio Solution File, Format Version 12.00
# Visual Studio Version 17
VisualStudioVersion = 17.10.35004.147
MinimumVisualStudioVersion = 10.0.40219.1
Project("{9A19103F-16F7-4668-BE54-9A1E7A4F7556}") = "ProyectoClase", "src\ProyectoClase\ProyectoClase.csproj", "{44D59F74-545D-47F9-B482-929F47B7C7BC}"
EndProject
Project("{2150E333-8FDC-42A3-9474-1A3956D46DE8}") = "src", "src", "{0BFACDBE-8C74-4342-9EBD-EC8AADF739D8}"
EndProject
Project("{9A19103F-16F7-4668-BE54-9A1E7A4F7556}") = "Model", "src\Model\Model.csproj", "{E5EB816C-5F3A-43E0-985C-76E4C0FFE5B8}"
EndProject
Project("{9A19103F-16F7-4668-BE54-9A1E7A4F7556}") = "Controller", "src\Controller\Controller.csproj", "{6A85ADD0-E228-4174-9915-421BC7CDE045}"
EndProject
Project("{2150E333-8FDC-42A3-9474-1A3956D46DE8}") = "test", "test", "{3D4A4F95-35A3-4C83-ACE5-38B79FF2D95C}"
EndProject
Project("{9A19103F-16F7-4668-BE54-9A1E7A4F7556}") = "ControllerTest", "test\ControllerTest\ControllerTest.csproj", "{198FD342-E672-4003-A175-A7953BACE1FE}"
EndProject
Project("{FAE04EC0-301F-11D3-BF4B-00C04F79EFBC}") = "BlazorClaseViews", "src\BlazorClaseViews\BlazorClaseViews.csproj", "{D23FF10D-AAD5-4D7F-8241-B1E66F2228CE}"
EndProject
Project("{FAE04EC0-301F-11D3-BF4B-00C04F79EFBC}") = "Algorithms", "src\Algorithms\Algorithms.csproj", "{0C5A6BBF-18F4-4EC8-8093-A1AA1D96AA90}"
EndProject
Project("{FAE04EC0-301F-11D3-BF4B-00C04F79EFBC}") = "AlgorithmsTest", "test\AlgorithmsTest\AlgorithmsTest.csproj", "{7FB46AF9-21C3-4863-A4C5-837190C19C36}"
EndProject
Global
	GlobalSection(SolutionConfigurationPlatforms) = preSolution
		Debug|Any CPU = Debug|Any CPU
		Release|Any CPU = Release|Any CPU
	EndGlobalSection
	GlobalSection(ProjectConfigurationPlatforms) = postSolution
		{44D59F74-545D-47F9-B482-929F47B7C7BC}.Debug|Any CPU.ActiveCfg = Debug|Any CPU
		{44D59F74-545D-47F9-B482-929F47B7C7BC}.Debug|Any CPU.Build.0 = Debug|Any CPU
		{44D59F74-545D-47F9-B482-929F47B7C7BC}.Release|Any CPU.ActiveCfg = Release|Any CPU
		{44D59F74-545D-47F9-B482-929F47B7C7BC}.Release|Any CPU.Build.0 = Release|Any CPU
		{E5EB816C-5F3A-43E0-985C-76E4C0FFE5B8}.Debug|Any CPU.ActiveCfg = Debug|Any CPU
		{E5EB816C-5F3A-43E0-985C-76E4C0FFE5B8}.Debug|Any CPU.Build.0 = Debug|Any CPU
		{E5EB816C-5F3A-43E0-985C-76E4C0FFE5B8}.Release|Any CPU.ActiveCfg = Release|Any CPU
		{E5EB816C-5F3A-43E0-985C-76E4C0FFE5B8}.Release|Any CPU.Build.0 = Release|Any CPU
		{6A85ADD0-E228-4174-9915-421BC7CDE045}.Debug|Any CPU.ActiveCfg = Debug|Any CPU
		{6A85ADD0-E228-4174-9915-421BC7CDE045}.Debug|Any CPU.Build.0 = Debug|Any CPU
		{6A85ADD0-E228-4174-9915-421BC7CDE045}.Release|Any CPU.ActiveCfg = Release|Any CPU
		{6A85ADD0-E228-4174-9915-421BC7CDE045}.Release|Any CPU.Build.0 = Release|Any CPU
		{198FD342-E672-4003-A175-A7953BACE1FE}.Debug|Any CPU.ActiveCfg = Debug|Any CPU
		{198FD342-E672-4003-A175-A7953BACE1FE}.Debug|Any CPU.Build.0 = Debug|Any CPU
		{198FD342-E672-4003-A175-A7953BACE1FE}.Release|Any CPU.ActiveCfg = Release|Any CPU
		{198FD342-E672-4003-A175-A7953BACE1FE}.Release|Any CPU.Build.0 = Release|Any CPU
		{D23FF10D-AAD5-4D7F-8241-B1E66F2228CE}.Debug|Any CPU.ActiveCfg = Debug|Any CPU
		{D23FF10D-AAD5-4D7F-8241-B1E66F2228CE}.Debug|Any CPU.Build.0 = Debug|Any CPU
		{D23FF10D-AAD5-4D7F-8241-B1E66F2228CE}.Release|Any CPU.ActiveCfg = Release|Any CPU
		{D23FF10D-AAD5-4D7F-8241-B1E66F2228CE}.Release|Any CPU.Build.0 = Release|Any CPU
		{0C5A6BBF-18F4-4EC8-8093-A1AA1D96AA90}.Debug|Any CPU.ActiveCfg = Debug|Any CPU
		{0C5A6BBF-18F4-4EC8-8093-A1AA1D96AA90}.Debug|Any CPU.Build.0 = Debug|Any CPU
		{0C5A6BBF-18F4-4EC8-8093-A1AA1D96AA90}.Release|Any CPU.ActiveCfg = Release|Any CPU
		{0C5A6BBF-18F4-4EC8-8093-A1AA1D96AA90}.Release|Any CPU.Build.0 = Release|Any CPU
		{7FB46AF9-21C3-4863-A4C5-837190C19C36}.Debug|Any CPU.ActiveCfg = Debug|Any CPU
		{7FB46AF9-21C3-4863-A4C5-837190C19C36}.Debug|Any CPU.Build.0 = Debug|Any CPU
		{7FB46AF9-21C3-4863-A4C5-837190C19C36}.Release|Any CPU.ActiveCfg = Release|Any CPU
		{7FB46AF9-21C3-4863-A4C5-837190C19C36}.Release|Any CPU.Build.0 = Release|Any CPU
	EndGlobalSection
	GlobalSection(SolutionProperties) = preSolution
		HideSolutionNode = FALSE
	EndGlobalSection
	GlobalSection(NestedProjects) = preSolution
		{44D59F74-545D-47F9-B482-929F47B7C7BC} = {0BFACDBE-8C74-4342-9EBD-EC8AADF739D8}
		{E5EB816C-5F3A-43E0-985C-76E4C0FFE5B8} = {0BFACDBE-8C74-4342-9EBD-EC8AADF739D8}
		{6A85ADD0-E228-4174-9915-421BC7CDE045} = {0BFACDBE-8C74-4342-9EBD-EC8AADF739D8}
		{198FD342-E672-4003-A175-A7953BACE1FE} = {3D4A4F95-35A3-4C83-ACE5-38B79FF2D95C}
		{D23FF10D-AAD5-4D7F-8241-B1E66F2228CE} = {0BFACDBE-8C74-4342-9EBD-EC8AADF739D8}
		{0C5A6BBF-18F4-4EC8-8093-A1AA1D96AA90} = {0BFACDBE-8C74-4342-9EBD-EC8AADF739D8}
		{7FB46AF9-21C3-4863-A4C5-837190C19C36} = {3D4A4F95-35A3-4C83-ACE5-38B79FF2D95C}
	EndGlobalSection
	GlobalSection(ExtensibilityGlobals) = postSolution
		SolutionGuid = {0E281220-F410-46F2-84E9-8D8FC16A0D84}
	EndGlobalSection
EndGlobal
